{
  "name": "vizualizacijaPodatakaProjekt",
  "lockfileVersion": 2,
  "requires": true,
  "type": "module",
  "packages": {
    "": {
      "dependencies": {
        "d3-textwrap": "^3.0.0"
      }
    },
    "node_modules/d3-selection": {
      "version": "1.4.2",
      "resolved": "https://registry.npmjs.org/d3-selection/-/d3-selection-1.4.2.tgz",
      "integrity": "sha512-SJ0BqYihzOjDnnlfyeHT0e30k0K1+5sR3d5fNueCNeuhZTnGw4M4o8mqJchSwgKMXCNFo+e2VTChiSJ0vYtXkg=="
    },
    "node_modules/d3-textwrap": {
      "version": "3.0.0",
      "resolved": "https://registry.npmjs.org/d3-textwrap/-/d3-textwrap-3.0.0.tgz",
      "integrity": "sha512-Uj2YFm95i+bM4nu1+jIUJdB6U0sW/K0D506u6tYbTEkt0+SNeEWPJ8bZbvBHPhOqom/UK6hyrMAY7JYA6t6XIg==",
      "dependencies": {
        "d3-selection": "^1.0.2"
      }
    }
  },
  "dependencies": {
    "d3-selection": {
      "version": "1.4.2",
      "resolved": "https://registry.npmjs.org/d3-selection/-/d3-selection-1.4.2.tgz",
      "integrity": "sha512-SJ0BqYihzOjDnnlfyeHT0e30k0K1+5sR3d5fNueCNeuhZTnGw4M4o8mqJchSwgKMXCNFo+e2VTChiSJ0vYtXkg=="
    },
    "d3-textwrap": {
      "version": "3.0.0",
      "resolved": "https://registry.npmjs.org/d3-textwrap/-/d3-textwrap-3.0.0.tgz",
      "integrity": "sha512-Uj2YFm95i+bM4nu1+jIUJdB6U0sW/K0D506u6tYbTEkt0+SNeEWPJ8bZbvBHPhOqom/UK6hyrMAY7JYA6t6XIg==",
      "requires": {
        "d3-selection": "^1.0.2"
      }
    }
  }
}
